// !$*UTF8*$!
{
	archiveVersion = 1;
	classes = {
	};
	objectVersion = 50;
	objects = {

/* Begin PBXBuildFile section */
		E58DE9BE2542CEDF00C9A2AD /* AppDelegate.swift in Sources */ = {isa = PBXBuildFile; fileRef = E58DE9BD2542CEDF00C9A2AD /* AppDelegate.swift */; };
		E58DE9C02542CEDF00C9A2AD /* SceneDelegate.swift in Sources */ = {isa = PBXBuildFile; fileRef = E58DE9BF2542CEDF00C9A2AD /* SceneDelegate.swift */; };
		E58DE9C22542CEDF00C9A2AD /* ContactsViewController.swift in Sources */ = {isa = PBXBuildFile; fileRef = E58DE9C12542CEDF00C9A2AD /* ContactsViewController.swift */; };
		E58DE9C72542CEE000C9A2AD /* Assets.xcassets in Resources */ = {isa = PBXBuildFile; fileRef = E58DE9C62542CEE000C9A2AD /* Assets.xcassets */; };
		E58DE9CA2542CEE000C9A2AD /* LaunchScreen.storyboard in Resources */ = {isa = PBXBuildFile; fileRef = E58DE9C82542CEE000C9A2AD /* LaunchScreen.storyboard */; };
		E58DE9D22542D06000C9A2AD /* favouriteUsers.json in Resources */ = {isa = PBXBuildFile; fileRef = E58DE9D12542D06000C9A2AD /* favouriteUsers.json */; };
		E58DE9D42542D06800C9A2AD /* contactUsers.json in Resources */ = {isa = PBXBuildFile; fileRef = E58DE9D32542D06800C9A2AD /* contactUsers.json */; };
		E58DE9D62542D17800C9A2AD /* MainTabBarController.swift in Sources */ = {isa = PBXBuildFile; fileRef = E58DE9D52542D17800C9A2AD /* MainTabBarController.swift */; };
		E58DE9D82542D52300C9A2AD /* RecentViewController.swift in Sources */ = {isa = PBXBuildFile; fileRef = E58DE9D72542D52300C9A2AD /* RecentViewController.swift */; };
		E58DE9DA2542E16200C9A2AD /* ProfileCell.swift in Sources */ = {isa = PBXBuildFile; fileRef = E58DE9D92542E16200C9A2AD /* ProfileCell.swift */; };
		E58DE9DC2542E31700C9A2AD /* UserModel.swift in Sources */ = {isa = PBXBuildFile; fileRef = E58DE9DB2542E31700C9A2AD /* UserModel.swift */; };
		E58DE9DE2542E34C00C9A2AD /* SelfConfiguringCell.swift in Sources */ = {isa = PBXBuildFile; fileRef = E58DE9DD2542E34C00C9A2AD /* SelfConfiguringCell.swift */; };
		E58DE9E42542E42C00C9A2AD /* Bundle + Extension.swift in Sources */ = {isa = PBXBuildFile; fileRef = E58DE9E32542E42C00C9A2AD /* Bundle + Extension.swift */; };
		E58DE9E72542E4AE00C9A2AD /* FavouriteCell.swift in Sources */ = {isa = PBXBuildFile; fileRef = E58DE9E62542E4AE00C9A2AD /* FavouriteCell.swift */; };
		E58DE9E92542E4C500C9A2AD /* ContactCell.swift in Sources */ = {isa = PBXBuildFile; fileRef = E58DE9E82542E4C500C9A2AD /* ContactCell.swift */; };
		E58DE9EB2542EE4700C9A2AD /* UIViewController + Extensions.swift in Sources */ = {isa = PBXBuildFile; fileRef = E58DE9EA2542EE4700C9A2AD /* UIViewController + Extensions.swift */; };
/* End PBXBuildFile section */

/* Begin PBXFileReference section */
		E58DE9BA2542CEDF00C9A2AD /* Contacts.app */ = {isa = PBXFileReference; explicitFileType = wrapper.application; includeInIndex = 0; path = Contacts.app; sourceTree = BUILT_PRODUCTS_DIR; };
		E58DE9BD2542CEDF00C9A2AD /* AppDelegate.swift */ = {isa = PBXFileReference; lastKnownFileType = sourcecode.swift; path = AppDelegate.swift; sourceTree = "<group>"; };
		E58DE9BF2542CEDF00C9A2AD /* SceneDelegate.swift */ = {isa = PBXFileReference; lastKnownFileType = sourcecode.swift; path = SceneDelegate.swift; sourceTree = "<group>"; };
		E58DE9C12542CEDF00C9A2AD /* ContactsViewController.swift */ = {isa = PBXFileReference; lastKnownFileType = sourcecode.swift; path = ContactsViewController.swift; sourceTree = "<group>"; };
		E58DE9C62542CEE000C9A2AD /* Assets.xcassets */ = {isa = PBXFileReference; lastKnownFileType = folder.assetcatalog; path = Assets.xcassets; sourceTree = "<group>"; };
		E58DE9C92542CEE000C9A2AD /* Base */ = {isa = PBXFileReference; lastKnownFileType = file.storyboard; name = Base; path = Base.lproj/LaunchScreen.storyboard; sourceTree = "<group>"; };
		E58DE9CB2542CEE000C9A2AD /* Info.plist */ = {isa = PBXFileReference; lastKnownFileType = text.plist.xml; path = Info.plist; sourceTree = "<group>"; };
		E58DE9D12542D06000C9A2AD /* favouriteUsers.json */ = {isa = PBXFileReference; fileEncoding = 4; lastKnownFileType = text.json; path = favouriteUsers.json; sourceTree = "<group>"; };
		E58DE9D32542D06800C9A2AD /* contactUsers.json */ = {isa = PBXFileReference; fileEncoding = 4; lastKnownFileType = text.json; path = contactUsers.json; sourceTree = "<group>"; };
		E58DE9D52542D17800C9A2AD /* MainTabBarController.swift */ = {isa = PBXFileReference; lastKnownFileType = sourcecode.swift; path = MainTabBarController.swift; sourceTree = "<group>"; };
		E58DE9D72542D52300C9A2AD /* RecentViewController.swift */ = {isa = PBXFileReference; lastKnownFileType = sourcecode.swift; path = RecentViewController.swift; sourceTree = "<group>"; };
		E58DE9D92542E16200C9A2AD /* ProfileCell.swift */ = {isa = PBXFileReference; lastKnownFileType = sourcecode.swift; path = ProfileCell.swift; sourceTree = "<group>"; };
		E58DE9DB2542E31700C9A2AD /* UserModel.swift */ = {isa = PBXFileReference; lastKnownFileType = sourcecode.swift; path = UserModel.swift; sourceTree = "<group>"; };
		E58DE9DD2542E34C00C9A2AD /* SelfConfiguringCell.swift */ = {isa = PBXFileReference; lastKnownFileType = sourcecode.swift; path = SelfConfiguringCell.swift; sourceTree = "<group>"; };
		E58DE9E32542E42C00C9A2AD /* Bundle + Extension.swift */ = {isa = PBXFileReference; fileEncoding = 4; lastKnownFileType = sourcecode.swift; path = "Bundle + Extension.swift"; sourceTree = "<group>"; };
		E58DE9E62542E4AE00C9A2AD /* FavouriteCell.swift */ = {isa = PBXFileReference; lastKnownFileType = sourcecode.swift; path = FavouriteCell.swift; sourceTree = "<group>"; };
		E58DE9E82542E4C500C9A2AD /* ContactCell.swift */ = {isa = PBXFileReference; lastKnownFileType = sourcecode.swift; path = ContactCell.swift; sourceTree = "<group>"; };
		E58DE9EA2542EE4700C9A2AD /* UIViewController + Extensions.swift */ = {isa = PBXFileReference; lastKnownFileType = sourcecode.swift; path = "UIViewController + Extensions.swift"; sourceTree = "<group>"; };
/* End PBXFileReference section */

/* Begin PBXFrameworksBuildPhase section */
		E58DE9B72542CEDF00C9A2AD /* Frameworks */ = {
			isa = PBXFrameworksBuildPhase;
			buildActionMask = 2147483647;
			files = (
			);
			runOnlyForDeploymentPostprocessing = 0;
		};
/* End PBXFrameworksBuildPhase section */

/* Begin PBXGroup section */
		E58DE9B12542CEDF00C9A2AD = {
			isa = PBXGroup;
			children = (
				E58DE9BC2542CEDF00C9A2AD /* Contacts */,
				E58DE9BB2542CEDF00C9A2AD /* Products */,
			);
			sourceTree = "<group>";
		};
		E58DE9BB2542CEDF00C9A2AD /* Products */ = {
			isa = PBXGroup;
			children = (
				E58DE9BA2542CEDF00C9A2AD /* Contacts.app */,
			);
			name = Products;
			sourceTree = "<group>";
		};
		E58DE9BC2542CEDF00C9A2AD /* Contacts */ = {
			isa = PBXGroup;
			children = (
				E58DE9BD2542CEDF00C9A2AD /* AppDelegate.swift */,
				E58DE9BF2542CEDF00C9A2AD /* SceneDelegate.swift */,
				E58DE9E02542E3B900C9A2AD /* Models */,
				E58DE9E22542E3E700C9A2AD /* Controllers */,
				E58DE9DF2542E3A100C9A2AD /* Cell */,
				E58DE9E12542E3CB00C9A2AD /* Protocols */,
				E58DE9E52542E44B00C9A2AD /* Extensions */,
				E58DE9D32542D06800C9A2AD /* contactUsers.json */,
				E58DE9D12542D06000C9A2AD /* favouriteUsers.json */,
				E58DE9C62542CEE000C9A2AD /* Assets.xcassets */,
				E58DE9C82542CEE000C9A2AD /* LaunchScreen.storyboard */,
				E58DE9CB2542CEE000C9A2AD /* Info.plist */,
			);
			path = Contacts;
			sourceTree = "<group>";
		};
		E58DE9DF2542E3A100C9A2AD /* Cell */ = {
			isa = PBXGroup;
			children = (
				E58DE9D92542E16200C9A2AD /* ProfileCell.swift */,
				E58DE9E62542E4AE00C9A2AD /* FavouriteCell.swift */,
				E58DE9E82542E4C500C9A2AD /* ContactCell.swift */,
			);
			path = Cell;
			sourceTree = "<group>";
		};
		E58DE9E02542E3B900C9A2AD /* Models */ = {
			isa = PBXGroup;
			children = (
				E58DE9DB2542E31700C9A2AD /* UserModel.swift */,
			);
			path = Models;
			sourceTree = "<group>";
		};
		E58DE9E12542E3CB00C9A2AD /* Protocols */ = {
			isa = PBXGroup;
			children = (
				E58DE9DD2542E34C00C9A2AD /* SelfConfiguringCell.swift */,
			);
			path = Protocols;
			sourceTree = "<group>";
		};
		E58DE9E22542E3E700C9A2AD /* Controllers */ = {
			isa = PBXGroup;
			children = (
				E58DE9D52542D17800C9A2AD /* MainTabBarController.swift */,
				E58DE9C12542CEDF00C9A2AD /* ContactsViewController.swift */,
				E58DE9D72542D52300C9A2AD /* RecentViewController.swift */,
			);
			path = Controllers;
			sourceTree = "<group>";
		};
		E58DE9E52542E44B00C9A2AD /* Extensions */ = {
			isa = PBXGroup;
			children = (
				E58DE9E32542E42C00C9A2AD /* Bundle + Extension.swift */,
				E58DE9EA2542EE4700C9A2AD /* UIViewController + Extensions.swift */,
			);
			path = Extensions;
			sourceTree = "<group>";
		};
/* End PBXGroup section */

/* Begin PBXNativeTarget section */
		E58DE9B92542CEDF00C9A2AD /* Contacts */ = {
			isa = PBXNativeTarget;
			buildConfigurationList = E58DE9CE2542CEE000C9A2AD /* Build configuration list for PBXNativeTarget "Contacts" */;
			buildPhases = (
				E58DE9B62542CEDF00C9A2AD /* Sources */,
				E58DE9B72542CEDF00C9A2AD /* Frameworks */,
				E58DE9B82542CEDF00C9A2AD /* Resources */,
			);
			buildRules = (
			);
			dependencies = (
			);
			name = Contacts;
			productName = Contacts;
			productReference = E58DE9BA2542CEDF00C9A2AD /* Contacts.app */;
			productType = "com.apple.product-type.application";
		};
/* End PBXNativeTarget section */

/* Begin PBXProject section */
		E58DE9B22542CEDF00C9A2AD /* Project object */ = {
			isa = PBXProject;
			attributes = {
				LastSwiftUpdateCheck = 1150;
				LastUpgradeCheck = 1150;
				ORGANIZATIONNAME = "Nikita Kochetov";
				TargetAttributes = {
					E58DE9B92542CEDF00C9A2AD = {
						CreatedOnToolsVersion = 11.5;
					};
				};
			};
			buildConfigurationList = E58DE9B52542CEDF00C9A2AD /* Build configuration list for PBXProject "Contacts" */;
			compatibilityVersion = "Xcode 9.3";
			developmentRegion = en;
			hasScannedForEncodings = 0;
			knownRegions = (
				en,
				Base,
			);
			mainGroup = E58DE9B12542CEDF00C9A2AD;
			productRefGroup = E58DE9BB2542CEDF00C9A2AD /* Products */;
			projectDirPath = "";
			projectRoot = "";
			targets = (
				E58DE9B92542CEDF00C9A2AD /* Contacts */,
			);
		};
/* End PBXProject section */

/* Begin PBXResourcesBuildPhase section */
		E58DE9B82542CEDF00C9A2AD /* Resources */ = {
			isa = PBXResourcesBuildPhase;
			buildActionMask = 2147483647;
			files = (
				E58DE9CA2542CEE000C9A2AD /* LaunchScreen.storyboard in Resources */,
				E58DE9C72542CEE000C9A2AD /* Assets.xcassets in Resources */,
				E58DE9D42542D06800C9A2AD /* contactUsers.json in Resources */,
				E58DE9D22542D06000C9A2AD /* favouriteUsers.json in Resources */,
			);
			runOnlyForDeploymentPostprocessing = 0;
		};
/* End PBXResourcesBuildPhase section */

/* Begin PBXSourcesBuildPhase section */
		E58DE9B62542CEDF00C9A2AD /* Sources */ = {
			isa = PBXSourcesBuildPhase;
			buildActionMask = 2147483647;
			files = (
				E58DE9C22542CEDF00C9A2AD /* ContactsViewController.swift in Sources */,
				E58DE9DE2542E34C00C9A2AD /* SelfConfiguringCell.swift in Sources */,
				E58DE9DC2542E31700C9A2AD /* UserModel.swift in Sources */,
				E58DE9E42542E42C00C9A2AD /* Bundle + Extension.swift in Sources */,
				E58DE9D82542D52300C9A2AD /* RecentViewController.swift in Sources */,
				E58DE9E72542E4AE00C9A2AD /* FavouriteCell.swift in Sources */,
				E58DE9E92542E4C500C9A2AD /* ContactCell.swift in Sources */,
				E58DE9BE2542CEDF00C9A2AD /* AppDelegate.swift in Sources */,
				E58DE9DA2542E16200C9A2AD /* ProfileCell.swift in Sources */,
				E58DE9D62542D17800C9A2AD /* MainTabBarController.swift in Sources */,
				E58DE9EB2542EE4700C9A2AD /* UIViewController + Extensions.swift in Sources */,
				E58DE9C02542CEDF00C9A2AD /* SceneDelegate.swift in Sources */,
			);
			runOnlyForDeploymentPostprocessing = 0;
		};
/* End PBXSourcesBuildPhase section */

/* Begin PBXVariantGroup section */
		E58DE9C82542CEE000C9A2AD /* LaunchScreen.storyboard */ = {
			isa = PBXVariantGroup;
			children = (
				E58DE9C92542CEE000C9A2AD /* Base */,
			);
			name = LaunchScreen.storyboard;
			sourceTree = "<group>";
		};
/* End PBXVariantGroup section */

/* Begin XCBuildConfiguration section */
		E58DE9CC2542CEE000C9A2AD /* Debug */ = {
			isa = XCBuildConfiguration;
			buildSettings = {
				ALWAYS_SEARCH_USER_PATHS = NO;
				CLANG_ANALYZER_NONNULL = YES;
				CLANG_ANALYZER_NUMBER_OBJECT_CONVERSION = YES_AGGRESSIVE;
				CLANG_CXX_LANGUAGE_STANDARD = "gnu++14";
				CLANG_CXX_LIBRARY = "libc++";
				CLANG_ENABLE_MODULES = YES;
				CLANG_ENABLE_OBJC_ARC = YES;
				CLANG_ENABLE_OBJC_WEAK = YES;
				CLANG_WARN_BLOCK_CAPTURE_AUTORELEASING = YES;
				CLANG_WARN_BOOL_CONVERSION = YES;
				CLANG_WARN_COMMA = YES;
				CLANG_WARN_CONSTANT_CONVERSION = YES;
				CLANG_WARN_DEPRECATED_OBJC_IMPLEMENTATIONS = YES;
				CLANG_WARN_DIRECT_OBJC_ISA_USAGE = YES_ERROR;
				CLANG_WARN_DOCUMENTATION_COMMENTS = YES;
				CLANG_WARN_EMPTY_BODY = YES;
				CLANG_WARN_ENUM_CONVERSION = YES;
				CLANG_WARN_INFINITE_RECURSION = YES;
				CLANG_WARN_INT_CONVERSION = YES;
				CLANG_WARN_NON_LITERAL_NULL_CONVERSION = YES;
				CLANG_WARN_OBJC_IMPLICIT_RETAIN_SELF = YES;
				CLANG_WARN_OBJC_LITERAL_CONVERSION = YES;
				CLANG_WARN_OBJC_ROOT_CLASS = YES_ERROR;
				CLANG_WARN_RANGE_LOOP_ANALYSIS = YES;
				CLANG_WARN_STRICT_PROTOTYPES = YES;
				CLANG_WARN_SUSPICIOUS_MOVE = YES;
				CLANG_WARN_UNGUARDED_AVAILABILITY = YES_AGGRESSIVE;
				CLANG_WARN_UNREACHABLE_CODE = YES;
				CLANG_WARN__DUPLICATE_METHOD_MATCH = YES;
				COPY_PHASE_STRIP = NO;
				DEBUG_INFORMATION_FORMAT = dwarf;
				ENABLE_STRICT_OBJC_MSGSEND = YES;
				ENABLE_TESTABILITY = YES;
				GCC_C_LANGUAGE_STANDARD = gnu11;
				GCC_DYNAMIC_NO_PIC = NO;
				GCC_NO_COMMON_BLOCKS = YES;
				GCC_OPTIMIZATION_LEVEL = 0;
				GCC_PREPROCESSOR_DEFINITIONS = (
					"DEBUG=1",
					"$(inherited)",
				);
				GCC_WARN_64_TO_32_BIT_CONVERSION = YES;
				GCC_WARN_ABOUT_RETURN_TYPE = YES_ERROR;
				GCC_WARN_UNDECLARED_SELECTOR = YES;
				GCC_WARN_UNINITIALIZED_AUTOS = YES_AGGRESSIVE;
				GCC_WARN_UNUSED_FUNCTION = YES;
				GCC_WARN_UNUSED_VARIABLE = YES;
				IPHONEOS_DEPLOYMENT_TARGET = 13.5;
				MTL_ENABLE_DEBUG_INFO = INCLUDE_SOURCE;
				MTL_FAST_MATH = YES;
				ONLY_ACTIVE_ARCH = YES;
				SDKROOT = iphoneos;
				SWIFT_ACTIVE_COMPILATION_CONDITIONS = DEBUG;
				SWIFT_OPTIMIZATION_LEVEL = "-Onone";
			};
			name = Debug;
		};
		E58DE9CD2542CEE000C9A2AD /* Release */ = {
			isa = XCBuildConfiguration;
			buildSettings = {
				ALWAYS_SEARCH_USER_PATHS = NO;
				CLANG_ANALYZER_NONNULL = YES;
				CLANG_ANALYZER_NUMBER_OBJECT_CONVERSION = YES_AGGRESSIVE;
				CLANG_CXX_LANGUAGE_STANDARD = "gnu++14";
				CLANG_CXX_LIBRARY = "libc++";
				CLANG_ENABLE_MODULES = YES;
				CLANG_ENABLE_OBJC_ARC = YES;
				CLANG_ENABLE_OBJC_WEAK = YES;
				CLANG_WARN_BLOCK_CAPTURE_AUTORELEASING = YES;
				CLANG_WARN_BOOL_CONVERSION = YES;
				CLANG_WARN_COMMA = YES;
				CLANG_WARN_CONSTANT_CONVERSION = YES;
				CLANG_WARN_DEPRECATED_OBJC_IMPLEMENTATIONS = YES;
				CLANG_WARN_DIRECT_OBJC_ISA_USAGE = YES_ERROR;
				CLANG_WARN_DOCUMENTATION_COMMENTS = YES;
				CLANG_WARN_EMPTY_BODY = YES;
				CLANG_WARN_ENUM_CONVERSION = YES;
				CLANG_WARN_INFINITE_RECURSION = YES;
				CLANG_WARN_INT_CONVERSION = YES;
				CLANG_WARN_NON_LITERAL_NULL_CONVERSION = YES;
				CLANG_WARN_OBJC_IMPLICIT_RETAIN_SELF = YES;
				CLANG_WARN_OBJC_LITERAL_CONVERSION = YES;
				CLANG_WARN_OBJC_ROOT_CLASS = YES_ERROR;
				CLANG_WARN_RANGE_LOOP_ANALYSIS = YES;
				CLANG_WARN_STRICT_PROTOTYPES = YES;
				CLANG_WARN_SUSPICIOUS_MOVE = YES;
				CLANG_WARN_UNGUARDED_AVAILABILITY = YES_AGGRESSIVE;
				CLANG_WARN_UNREACHABLE_CODE = YES;
				CLANG_WARN__DUPLICATE_METHOD_MATCH = YES;
				COPY_PHASE_STRIP = NO;
				DEBUG_INFORMATION_FORMAT = "dwarf-with-dsym";
				ENABLE_NS_ASSERTIONS = NO;
				ENABLE_STRICT_OBJC_MSGSEND = YES;
				GCC_C_LANGUAGE_STANDARD = gnu11;
				GCC_NO_COMMON_BLOCKS = YES;
				GCC_WARN_64_TO_32_BIT_CONVERSION = YES;
				GCC_WARN_ABOUT_RETURN_TYPE = YES_ERROR;
				GCC_WARN_UNDECLARED_SELECTOR = YES;
				GCC_WARN_UNINITIALIZED_AUTOS = YES_AGGRESSIVE;
				GCC_WARN_UNUSED_FUNCTION = YES;
				GCC_WARN_UNUSED_VARIABLE = YES;
				IPHONEOS_DEPLOYMENT_TARGET = 13.5;
				MTL_ENABLE_DEBUG_INFO = NO;
				MTL_FAST_MATH = YES;
				SDKROOT = iphoneos;
				SWIFT_COMPILATION_MODE = wholemodule;
				SWIFT_OPTIMIZATION_LEVEL = "-O";
				VALIDATE_PRODUCT = YES;
			};
			name = Release;
		};
		E58DE9CF2542CEE000C9A2AD /* Debug */ = {
			isa = XCBuildConfiguration;
			buildSettings = {
				ASSETCATALOG_COMPILER_APPICON_NAME = AppIcon;
				CODE_SIGN_STYLE = Automatic;
				DEVELOPMENT_TEAM = UZZW6YBBKN;
				INFOPLIST_FILE = Contacts/Info.plist;
				LD_RUNPATH_SEARCH_PATHS = (
					"$(inherited)",
					"@executable_path/Frameworks",
				);
				PRODUCT_BUNDLE_IDENTIFIER = nikko.Contacts;
				PRODUCT_NAME = "$(TARGET_NAME)";
				SWIFT_VERSION = 5.0;
				TARGETED_DEVICE_FAMILY = "1,2";
			};
			name = Debug;
		};
		E58DE9D02542CEE000C9A2AD /* Release */ = {
			isa = XCBuildConfiguration;
			buildSettings = {
				ASSETCATALOG_COMPILER_APPICON_NAME = AppIcon;
				CODE_SIGN_STYLE = Automatic;
				DEVELOPMENT_TEAM = UZZW6YBBKN;
				INFOPLIST_FILE = Contacts/Info.plist;
				LD_RUNPATH_SEARCH_PATHS = (
					"$(inherited)",
					"@executable_path/Frameworks",
				);
				PRODUCT_BUNDLE_IDENTIFIER = nikko.Contacts;
				PRODUCT_NAME = "$(TARGET_NAME)";
				SWIFT_VERSION = 5.0;
				TARGETED_DEVICE_FAMILY = "1,2";
			};
			name = Release;
		};
/* End XCBuildConfiguration section */

/* Begin XCConfigurationList section */
		E58DE9B52542CEDF00C9A2AD /* Build configuration list for PBXProject "Contacts" */ = {
			isa = XCConfigurationList;
			buildConfigurations = (
				E58DE9CC2542CEE000C9A2AD /* Debug */,
				E58DE9CD2542CEE000C9A2AD /* Release */,
			);
			defaultConfigurationIsVisible = 0;
			defaultConfigurationName = Release;
		};
		E58DE9CE2542CEE000C9A2AD /* Build configuration list for PBXNativeTarget "Contacts" */ = {
			isa = XCConfigurationList;
			buildConfigurations = (
				E58DE9CF2542CEE000C9A2AD /* Debug */,
				E58DE9D02542CEE000C9A2AD /* Release */,
			);
			defaultConfigurationIsVisible = 0;
			defaultConfigurationName = Release;
		};
/* End XCConfigurationList section */
	};
	rootObject = E58DE9B22542CEDF00C9A2AD /* Project object */;
}
